// !$*UTF8*$!
{
	archiveVersion = 1;
	classes = {
	};
	objectVersion = 46;
	objects = {

/* Begin PBXBuildFile section */
		A8604E7D1D87F26A005086C7 /* main.m in Sources */ = {isa = PBXBuildFile; fileRef = A8604E7C1D87F26A005086C7 /* main.m */; };
		A8604E801D87F26A005086C7 /* AppDelegate.m in Sources */ = {isa = PBXBuildFile; fileRef = A8604E7F1D87F26A005086C7 /* AppDelegate.m */; };
		A8604E831D87F26A005086C7 /* ViewController.m in Sources */ = {isa = PBXBuildFile; fileRef = A8604E821D87F26A005086C7 /* ViewController.m */; };
		A8604E861D87F26A005086C7 /* Main.storyboard in Resources */ = {isa = PBXBuildFile; fileRef = A8604E841D87F26A005086C7 /* Main.storyboard */; };
		A8604E881D87F26A005086C7 /* Assets.xcassets in Resources */ = {isa = PBXBuildFile; fileRef = A8604E871D87F26A005086C7 /* Assets.xcassets */; };
		A8604E8B1D87F26A005086C7 /* LaunchScreen.storyboard in Resources */ = {isa = PBXBuildFile; fileRef = A8604E891D87F26A005086C7 /* LaunchScreen.storyboard */; };
		A8604E961D87F26A005086C7 /* WeChatModelledUITests.m in Sources */ = {isa = PBXBuildFile; fileRef = A8604E951D87F26A005086C7 /* WeChatModelledUITests.m */; };
/* End PBXBuildFile section */

/* Begin PBXContainerItemProxy section */
		A8604E921D87F26A005086C7 /* PBXContainerItemProxy */ = {
			isa = PBXContainerItemProxy;
			containerPortal = A8604E701D87F26A005086C7 /* Project object */;
			proxyType = 1;
			remoteGlobalIDString = A8604E771D87F26A005086C7;
			remoteInfo = WeChatModelled;
		};
/* End PBXContainerItemProxy section */

/* Begin PBXFileReference section */
		A8604E781D87F26A005086C7 /* WeChatModelled.app */ = {isa = PBXFileReference; explicitFileType = wrapper.application; includeInIndex = 0; path = WeChatModelled.app; sourceTree = BUILT_PRODUCTS_DIR; };
		A8604E7C1D87F26A005086C7 /* main.m */ = {isa = PBXFileReference; lastKnownFileType = sourcecode.c.objc; path = main.m; sourceTree = "<group>"; };
		A8604E7E1D87F26A005086C7 /* AppDelegate.h */ = {isa = PBXFileReference; lastKnownFileType = sourcecode.c.h; path = AppDelegate.h; sourceTree = "<group>"; };
		A8604E7F1D87F26A005086C7 /* AppDelegate.m */ = {isa = PBXFileReference; lastKnownFileType = sourcecode.c.objc; path = AppDelegate.m; sourceTree = "<group>"; };
		A8604E811D87F26A005086C7 /* ViewController.h */ = {isa = PBXFileReference; lastKnownFileType = sourcecode.c.h; path = ViewController.h; sourceTree = "<group>"; };
		A8604E821D87F26A005086C7 /* ViewController.m */ = {isa = PBXFileReference; lastKnownFileType = sourcecode.c.objc; path = ViewController.m; sourceTree = "<group>"; };
		A8604E851D87F26A005086C7 /* Base */ = {isa = PBXFileReference; lastKnownFileType = file.storyboard; name = Base; path = Base.lproj/Main.storyboard; sourceTree = "<group>"; };
		A8604E871D87F26A005086C7 /* Assets.xcassets */ = {isa = PBXFileReference; lastKnownFileType = folder.assetcatalog; path = Assets.xcassets; sourceTree = "<group>"; };
		A8604E8A1D87F26A005086C7 /* Base */ = {isa = PBXFileReference; lastKnownFileType = file.storyboard; name = Base; path = Base.lproj/LaunchScreen.storyboard; sourceTree = "<group>"; };
		A8604E8C1D87F26A005086C7 /* Info.plist */ = {isa = PBXFileReference; lastKnownFileType = text.plist.xml; path = Info.plist; sourceTree = "<group>"; };
		A8604E911D87F26A005086C7 /* WeChatModelledUITests.xctest */ = {isa = PBXFileReference; explicitFileType = wrapper.cfbundle; includeInIndex = 0; path = WeChatModelledUITests.xctest; sourceTree = BUILT_PRODUCTS_DIR; };
		A8604E951D87F26A005086C7 /* WeChatModelledUITests.m */ = {isa = PBXFileReference; lastKnownFileType = sourcecode.c.objc; path = WeChatModelledUITests.m; sourceTree = "<group>"; };
		A8604E971D87F26A005086C7 /* Info.plist */ = {isa = PBXFileReference; lastKnownFileType = text.plist.xml; path = Info.plist; sourceTree = "<group>"; };
/* End PBXFileReference section */

/* Begin PBXFrameworksBuildPhase section */
		A8604E751D87F26A005086C7 /* Frameworks */ = {
			isa = PBXFrameworksBuildPhase;
			buildActionMask = 2147483647;
			files = (
			);
			runOnlyForDeploymentPostprocessing = 0;
		};
		A8604E8E1D87F26A005086C7 /* Frameworks */ = {
			isa = PBXFrameworksBuildPhase;
			buildActionMask = 2147483647;
			files = (
			);
			runOnlyForDeploymentPostprocessing = 0;
		};
/* End PBXFrameworksBuildPhase section */

/* Begin PBXGroup section */
		A8604E6F1D87F26A005086C7 = {
			isa = PBXGroup;
			children = (
				A8604E7A1D87F26A005086C7 /* WeChatModelled */,
				A8604E941D87F26A005086C7 /* WeChatModelledUITests */,
				A8604E791D87F26A005086C7 /* Products */,
			);
			sourceTree = "<group>";
		};
		A8604E791D87F26A005086C7 /* Products */ = {
			isa = PBXGroup;
			children = (
				A8604E781D87F26A005086C7 /* WeChatModelled.app */,
				A8604E911D87F26A005086C7 /* WeChatModelledUITests.xctest */,
			);
			name = Products;
			sourceTree = "<group>";
		};
		A8604E7A1D87F26A005086C7 /* WeChatModelled */ = {
			isa = PBXGroup;
			children = (
				A8604E7E1D87F26A005086C7 /* AppDelegate.h */,
				A8604E7F1D87F26A005086C7 /* AppDelegate.m */,
				A8604E811D87F26A005086C7 /* ViewController.h */,
				A8604E821D87F26A005086C7 /* ViewController.m */,
				A8604E841D87F26A005086C7 /* Main.storyboard */,
				A8604E871D87F26A005086C7 /* Assets.xcassets */,
				A8604E891D87F26A005086C7 /* LaunchScreen.storyboard */,
				A8604E8C1D87F26A005086C7 /* Info.plist */,
				A8604E7B1D87F26A005086C7 /* Supporting Files */,
			);
			path = WeChatModelled;
			sourceTree = "<group>";
		};
		A8604E7B1D87F26A005086C7 /* Supporting Files */ = {
			isa = PBXGroup;
			children = (
				A8604E7C1D87F26A005086C7 /* main.m */,
			);
			name = "Supporting Files";
			sourceTree = "<group>";
		};
		A8604E941D87F26A005086C7 /* WeChatModelledUITests */ = {
			isa = PBXGroup;
			children = (
				A8604E951D87F26A005086C7 /* WeChatModelledUITests.m */,
				A8604E971D87F26A005086C7 /* Info.plist */,
			);
			path = WeChatModelledUITests;
			sourceTree = "<group>";
		};
/* End PBXGroup section */

/* Begin PBXNativeTarget section */
		A8604E771D87F26A005086C7 /* WeChatModelled */ = {
			isa = PBXNativeTarget;
			buildConfigurationList = A8604E9A1D87F26A005086C7 /* Build configuration list for PBXNativeTarget "WeChatModelled" */;
			buildPhases = (
				A8604E741D87F26A005086C7 /* Sources */,
				A8604E751D87F26A005086C7 /* Frameworks */,
				A8604E761D87F26A005086C7 /* Resources */,
			);
			buildRules = (
			);
			dependencies = (
			);
			name = WeChatModelled;
			productName = WeChatModelled;
			productReference = A8604E781D87F26A005086C7 /* WeChatModelled.app */;
			productType = "com.apple.product-type.application";
		};
		A8604E901D87F26A005086C7 /* WeChatModelledUITests */ = {
			isa = PBXNativeTarget;
			buildConfigurationList = A8604E9D1D87F26A005086C7 /* Build configuration list for PBXNativeTarget "WeChatModelledUITests" */;
			buildPhases = (
				A8604E8D1D87F26A005086C7 /* Sources */,
				A8604E8E1D87F26A005086C7 /* Frameworks */,
				A8604E8F1D87F26A005086C7 /* Resources */,
			);
			buildRules = (
			);
			dependencies = (
				A8604E931D87F26A005086C7 /* PBXTargetDependency */,
			);
			name = WeChatModelledUITests;
			productName = WeChatModelledUITests;
			productReference = A8604E911D87F26A005086C7 /* WeChatModelledUITests.xctest */;
			productType = "com.apple.product-type.bundle.ui-testing";
		};
/* End PBXNativeTarget section */

/* Begin PBXProject section */
		A8604E701D87F26A005086C7 /* Project object */ = {
			isa = PBXProject;
			attributes = {
				LastUpgradeCheck = 0730;
				ORGANIZATIONNAME = SXiao.RR;
				TargetAttributes = {
					A8604E771D87F26A005086C7 = {
						CreatedOnToolsVersion = 7.3.1;
					};
					A8604E901D87F26A005086C7 = {
						CreatedOnToolsVersion = 7.3.1;
						TestTargetID = A8604E771D87F26A005086C7;
					};
				};
			};
			buildConfigurationList = A8604E731D87F26A005086C7 /* Build configuration list for PBXProject "WeChatModelled" */;
			compatibilityVersion = "Xcode 3.2";
			developmentRegion = English;
			hasScannedForEncodings = 0;
			knownRegions = (
				en,
				Base,
			);
			mainGroup = A8604E6F1D87F26A005086C7;
			productRefGroup = A8604E791D87F26A005086C7 /* Products */;
			projectDirPath = "";
			projectRoot = "";
			targets = (
				A8604E771D87F26A005086C7 /* WeChatModelled */,
				A8604E901D87F26A005086C7 /* WeChatModelledUITests */,
			);
		};
/* End PBXProject section */

/* Begin PBXResourcesBuildPhase section */
		A8604E761D87F26A005086C7 /* Resources */ = {
			isa = PBXResourcesBuildPhase;
			buildActionMask = 2147483647;
			files = (
				A8604E8B1D87F26A005086C7 /* LaunchScreen.storyboard in Resources */,
				A8604E881D87F26A005086C7 /* Assets.xcassets in Resources */,
				A8604E861D87F26A005086C7 /* Main.storyboard in Resources */,
			);
			runOnlyForDeploymentPostprocessing = 0;
		};
		A8604E8F1D87F26A005086C7 /* Resources */ = {
			isa = PBXResourcesBuildPhase;
			buildActionMask = 2147483647;
			files = (
			);
			runOnlyForDeploymentPostprocessing = 0;
		};
/* End PBXResourcesBuildPhase section */

/* Begin PBXSourcesBuildPhase section */
		A8604E741D87F26A005086C7 /* Sources */ = {
			isa = PBXSourcesBuildPhase;
			buildActionMask = 2147483647;
			files = (
				A8604E831D87F26A005086C7 /* ViewController.m in Sources */,
				A8604E801D87F26A005086C7 /* AppDelegate.m in Sources */,
				A8604E7D1D87F26A005086C7 /* main.m in Sources */,
			);
			runOnlyForDeploymentPostprocessing = 0;
		};
		A8604E8D1D87F26A005086C7 /* Sources */ = {
			isa = PBXSourcesBuildPhase;
			buildActionMask = 2147483647;
			files = (
				A8604E961D87F26A005086C7 /* WeChatModelledUITests.m in Sources */,
			);
			runOnlyForDeploymentPostprocessing = 0;
		};
/* End PBXSourcesBuildPhase section */

/* Begin PBXTargetDependency section */
		A8604E931D87F26A005086C7 /* PBXTargetDependency */ = {
			isa = PBXTargetDependency;
			target = A8604E771D87F26A005086C7 /* WeChatModelled */;
			targetProxy = A8604E921D87F26A005086C7 /* PBXContainerItemProxy */;
		};
/* End PBXTargetDependency section */

/* Begin PBXVariantGroup section */
		A8604E841D87F26A005086C7 /* Main.storyboard */ = {
			isa = PBXVariantGroup;
			children = (
				A8604E851D87F26A005086C7 /* Base */,
			);
			name = Main.storyboard;
			sourceTree = "<group>";
		};
		A8604E891D87F26A005086C7 /* LaunchScreen.storyboard */ = {
			isa = PBXVariantGroup;
			children = (
				A8604E8A1D87F26A005086C7 /* Base */,
			);
			name = LaunchScreen.storyboard;
			sourceTree = "<group>";
		};
/* End PBXVariantGroup section */

/* Begin XCBuildConfiguration section */
		A8604E981D87F26A005086C7 /* Debug */ = {
			isa = XCBuildConfiguration;
			buildSettings = {
				ALWAYS_SEARCH_USER_PATHS = NO;
				CLANG_ANALYZER_NONNULL = YES;
				CLANG_CXX_LANGUAGE_STANDARD = "gnu++0x";
				CLANG_CXX_LIBRARY = "libc++";
				CLANG_ENABLE_MODULES = YES;
				CLANG_ENABLE_OBJC_ARC = YES;
				CLANG_WARN_BOOL_CONVERSION = YES;
				CLANG_WARN_CONSTANT_CONVERSION = YES;
				CLANG_WARN_DIRECT_OBJC_ISA_USAGE = YES_ERROR;
				CLANG_WARN_EMPTY_BODY = YES;
				CLANG_WARN_ENUM_CONVERSION = YES;
				CLANG_WARN_INT_CONVERSION = YES;
				CLANG_WARN_OBJC_ROOT_CLASS = YES_ERROR;
				CLANG_WARN_UNREACHABLE_CODE = YES;
				CLANG_WARN__DUPLICATE_METHOD_MATCH = YES;
				"CODE_SIGN_IDENTITY[sdk=iphoneos*]" = "iPhone Developer";
				COPY_PHASE_STRIP = NO;
				DEBUG_INFORMATION_FORMAT = dwarf;
				ENABLE_STRICT_OBJC_MSGSEND = YES;
				ENABLE_TESTABILITY = YES;
				GCC_C_LANGUAGE_STANDARD = gnu99;
				GCC_DYNAMIC_NO_PIC = NO;
				GCC_NO_COMMON_BLOCKS = YES;
				GCC_OPTIMIZATION_LEVEL = 0;
				GCC_PREPROCESSOR_DEFINITIONS = (
					"DEBUG=1",
					"$(inherited)",
				);
				GCC_WARN_64_TO_32_BIT_CONVERSION = YES;
				GCC_WARN_ABOUT_RETURN_TYPE = YES_ERROR;
				GCC_WARN_UNDECLARED_SELECTOR = YES;
				GCC_WARN_UNINITIALIZED_AUTOS = YES_AGGRESSIVE;
				GCC_WARN_UNUSED_FUNCTION = YES;
				GCC_WARN_UNUSED_VARIABLE = YES;
				IPHONEOS_DEPLOYMENT_TARGET = 9.3;
				MTL_ENABLE_DEBUG_INFO = YES;
				ONLY_ACTIVE_ARCH = YES;
				SDKROOT = iphoneos;
			};
			name = Debug;
		};
		A8604E991D87F26A005086C7 /* Release */ = {
			isa = XCBuildConfiguration;
			buildSettings = {
				ALWAYS_SEARCH_USER_PATHS = NO;
				CLANG_ANALYZER_NONNULL = YES;
				CLANG_CXX_LANGUAGE_STANDARD = "gnu++0x";
				CLANG_CXX_LIBRARY = "libc++";
				CLANG_ENABLE_MODULES = YES;
				CLANG_ENABLE_OBJC_ARC = YES;
				CLANG_WARN_BOOL_CONVERSION = YES;
				CLANG_WARN_CONSTANT_CONVERSION = YES;
				CLANG_WARN_DIRECT_OBJC_ISA_USAGE = YES_ERROR;
				CLANG_WARN_EMPTY_BODY = YES;
				CLANG_WARN_ENUM_CONVERSION = YES;
				CLANG_WARN_INT_CONVERSION = YES;
				CLANG_WARN_OBJC_ROOT_CLASS = YES_ERROR;
				CLANG_WARN_UNREACHABLE_CODE = YES;
				CLANG_WARN__DUPLICATE_METHOD_MATCH = YES;
				"CODE_SIGN_IDENTITY[sdk=iphoneos*]" = "iPhone Developer";
				COPY_PHASE_STRIP = NO;
				DEBUG_INFORMATION_FORMAT = "dwarf-with-dsym";
				ENABLE_NS_ASSERTIONS = NO;
				ENABLE_STRICT_OBJC_MSGSEND = YES;
				GCC_C_LANGUAGE_STANDARD = gnu99;
				GCC_NO_COMMON_BLOCKS = YES;
				GCC_WARN_64_TO_32_BIT_CONVERSION = YES;
				GCC_WARN_ABOUT_RETURN_TYPE = YES_ERROR;
				GCC_WARN_UNDECLARED_SELECTOR = YES;
				GCC_WARN_UNINITIALIZED_AUTOS = YES_AGGRESSIVE;
				GCC_WARN_UNUSED_FUNCTION = YES;
				GCC_WARN_UNUSED_VARIABLE = YES;
				IPHONEOS_DEPLOYMENT_TARGET = 9.3;
				MTL_ENABLE_DEBUG_INFO = NO;
				SDKROOT = iphoneos;
				VALIDATE_PRODUCT = YES;
			};
			name = Release;
		};
		A8604E9B1D87F26A005086C7 /* Debug */ = {
			isa = XCBuildConfiguration;
			buildSettings = {
				ASSETCATALOG_COMPILER_APPICON_NAME = AppIcon;
				INFOPLIST_FILE = WeChatModelled/Info.plist;
				LD_RUNPATH_SEARCH_PATHS = "$(inherited) @executable_path/Frameworks";
				PRODUCT_BUNDLE_IDENTIFIER = com.Sxiao.project.WeChatModelled;
				PRODUCT_NAME = "$(TARGET_NAME)";
			};
			name = Debug;
		};
		A8604E9C1D87F26A005086C7 /* Release */ = {
			isa = XCBuildConfiguration;
			buildSettings = {
				ASSETCATALOG_COMPILER_APPICON_NAME = AppIcon;
				INFOPLIST_FILE = WeChatModelled/Info.plist;
				LD_RUNPATH_SEARCH_PATHS = "$(inherited) @executable_path/Frameworks";
				PRODUCT_BUNDLE_IDENTIFIER = com.Sxiao.project.WeChatModelled;
				PRODUCT_NAME = "$(TARGET_NAME)";
			};
			name = Release;
		};
		A8604E9E1D87F26A005086C7 /* Debug */ = {
			isa = XCBuildConfiguration;
			buildSettings = {
				INFOPLIST_FILE = WeChatModelledUITests/Info.plist;
				LD_RUNPATH_SEARCH_PATHS = "$(inherited) @executable_path/Frameworks @loader_path/Frameworks";
				PRODUCT_BUNDLE_IDENTIFIER = com.Sxiao.project.WeChatModelledUITests;
				PRODUCT_NAME = "$(TARGET_NAME)";
				TEST_TARGET_NAME = WeChatModelled;
			};
			name = Debug;
		};
		A8604E9F1D87F26A005086C7 /* Release */ = {
			isa = XCBuildConfiguration;
			buildSettings = {
				INFOPLIST_FILE = WeChatModelledUITests/Info.plist;
				LD_RUNPATH_SEARCH_PATHS = "$(inherited) @executable_path/Frameworks @loader_path/Frameworks";
				PRODUCT_BUNDLE_IDENTIFIER = com.Sxiao.project.WeChatModelledUITests;
				PRODUCT_NAME = "$(TARGET_NAME)";
				TEST_TARGET_NAME = WeChatModelled;
			};
			name = Release;
		};
/* End XCBuildConfiguration section */

/* Begin XCConfigurationList section */
		A8604E731D87F26A005086C7 /* Build configuration list for PBXProject "WeChatModelled" */ = {
			isa = XCConfigurationList;
			buildConfigurations = (
				A8604E981D87F26A005086C7 /* Debug */,
				A8604E991D87F26A005086C7 /* Release */,
			);
			defaultConfigurationIsVisible = 0;
			defaultConfigurationName = Release;
		};
		A8604E9A1D87F26A005086C7 /* Build configuration list for PBXNativeTarget "WeChatModelled" */ = {
			isa = XCConfigurationList;
			buildConfigurations = (
				A8604E9B1D87F26A005086C7 /* Debug */,
				A8604E9C1D87F26A005086C7 /* Release */,
			);
			defaultConfigurationIsVisible = 0;
		};
		A8604E9D1D87F26A005086C7 /* Build configuration list for PBXNativeTarget "WeChatModelledUITests" */ = {
			isa = XCConfigurationList;
			buildConfigurations = (
				A8604E9E1D87F26A005086C7 /* Debug */,
				A8604E9F1D87F26A005086C7 /* Release */,
			);
			defaultConfigurationIsVisible = 0;
		};
/* End XCConfigurationList section */
	};
	rootObject = A8604E701D87F26A005086C7 /* Project object */;
}
